
Microsoft Visual Studio Solution File, Format Version 12.00
# Visual Studio Version 17
VisualStudioVersion = 17.3.32922.545
MinimumVisualStudioVersion = 10.0.40219.1
Project("{FAE04EC0-301F-11D3-BF4B-00C04F79EFBC}") = "tinhphicongchung.com", "tinhphicongchung.com\tinhphicongchung.com.csproj", "{61D4F990-9395-4677-99D5-07A826836069}"
EndProject
Project("{FAE04EC0-301F-11D3-BF4B-00C04F79EFBC}") = "tinhphicongchung.com.library", "tinhphicongchung.com.library\tinhphicongchung.com.library.csproj", "{C3978CFD-D8B5-43C3-A53D-C477B6CC1E41}"
EndProject
Project("{FAE04EC0-301F-11D3-BF4B-00C04F79EFBC}") = "tinhphicongchung.com.helper", "tinhphicongchung.com.helper\tinhphicongchung.com.helper.csproj", "{9E1B9711-1018-45D5-995B-C6A4134B2A6B}"
EndProject
Global
	GlobalSection(SolutionConfigurationPlatforms) = preSolution
		Debug|Any CPU = Debug|Any CPU
		Release|Any CPU = Release|Any CPU
	EndGlobalSection
	GlobalSection(ProjectConfigurationPlatforms) = postSolution
		{61D4F990-9395-4677-99D5-07A826836069}.Debug|Any CPU.ActiveCfg = Debug|Any CPU
		{61D4F990-9395-4677-99D5-07A826836069}.Debug|Any CPU.Build.0 = Debug|Any CPU
		{61D4F990-9395-4677-99D5-07A826836069}.Release|Any CPU.ActiveCfg = Release|Any CPU
		{61D4F990-9395-4677-99D5-07A826836069}.Release|Any CPU.Build.0 = Release|Any CPU
		{C3978CFD-D8B5-43C3-A53D-C477B6CC1E41}.Debug|Any CPU.ActiveCfg = Debug|Any CPU
		{C3978CFD-D8B5-43C3-A53D-C477B6CC1E41}.Debug|Any CPU.Build.0 = Debug|Any CPU
		{C3978CFD-D8B5-43C3-A53D-C477B6CC1E41}.Release|Any CPU.ActiveCfg = Release|Any CPU
		{C3978CFD-D8B5-43C3-A53D-C477B6CC1E41}.Release|Any CPU.Build.0 = Release|Any CPU
		{9E1B9711-1018-45D5-995B-C6A4134B2A6B}.Debug|Any CPU.ActiveCfg = Debug|Any CPU
		{9E1B9711-1018-45D5-995B-C6A4134B2A6B}.Debug|Any CPU.Build.0 = Debug|Any CPU
		{9E1B9711-1018-45D5-995B-C6A4134B2A6B}.Release|Any CPU.ActiveCfg = Release|Any CPU
		{9E1B9711-1018-45D5-995B-C6A4134B2A6B}.Release|Any CPU.Build.0 = Release|Any CPU
	EndGlobalSection
	GlobalSection(SolutionProperties) = preSolution
		HideSolutionNode = FALSE
	EndGlobalSection
	GlobalSection(ExtensibilityGlobals) = postSolution
		SolutionGuid = {D71C8736-B9A5-4793-ACCE-BD2C5D5E00CF}
	EndGlobalSection
EndGlobal
